
Microsoft Visual Studio Solution File, Format Version 12.00
# Visual Studio Version 17
VisualStudioVersion = 17.0.31212.223
MinimumVisualStudioVersion = 10.0.40219.1
Project("{FAE04EC0-301F-11D3-BF4B-00C04F79EFBC}") = "WebApplication3", "WebApplication3\WebApplication3.csproj", "{70CAA022-6087-4CBC-91D0-5D407823598E}"
EndProject
Global
	GlobalSection(SolutionConfigurationPlatforms) = preSolution
		Debug|Any CPU = Debug|Any CPU
		Release|Any CPU = Release|Any CPU
	EndGlobalSection
	GlobalSection(ProjectConfigurationPlatforms) = postSolution
		{70CAA022-6087-4CBC-91D0-5D407823598E}.Debug|Any CPU.ActiveCfg = Debug|Any CPU
		{70CAA022-6087-4CBC-91D0-5D407823598E}.Debug|Any CPU.Build.0 = Debug|Any CPU
		{70CAA022-6087-4CBC-91D0-5D407823598E}.Release|Any CPU.ActiveCfg = Release|Any CPU
		{70CAA022-6087-4CBC-91D0-5D407823598E}.Release|Any CPU.Build.0 = Release|Any CPU
	EndGlobalSection
	GlobalSection(SolutionProperties) = preSolution
		HideSolutionNode = FALSE
	EndGlobalSection
	GlobalSection(ExtensibilityGlobals) = postSolution
		SolutionGuid = {5A9FCAAB-1834-4CF7-A5AC-9A942703901C}
	EndGlobalSection
EndGlobal
